
Microsoft Visual Studio Solution File, Format Version 12.00
# Visual Studio Version 17
VisualStudioVersion = 17.6.33815.320
MinimumVisualStudioVersion = 10.0.40219.1
Project("{9A19103F-16F7-4668-BE54-9A1E7A4F7556}") = "CSharp-Test.Basics", "CSharp-Test.Basics\CSharp-Test.Basics.csproj", "{B248CCF7-84F6-4B4F-BAF5-E90B7772224B}"
EndProject
Project("{2150E333-8FDC-42A3-9474-1A3956D46DE8}") = "OOP", "OOP", "{DEAFBA24-38DB-4CB3-B3BC-2161AB757198}"
EndProject
Project("{9A19103F-16F7-4668-BE54-9A1E7A4F7556}") = "OOP.Basics", "OOP.Basics\OOP.Basics.csproj", "{9DD08ACA-E56F-498B-B0E9-F5AF934D9CB9}"
EndProject
Project("{9A19103F-16F7-4668-BE54-9A1E7A4F7556}") = "OOP.Tests", "OOP.Tests\OOP.Tests.csproj", "{5099A11A-A02E-4C72-B810-852A0D67D6A6}"
EndProject
Project("{9A19103F-16F7-4668-BE54-9A1E7A4F7556}") = "FileReadWrite", "FileReadWrite\FileReadWrite.csproj", "{961E371B-27C9-4D2C-BA8B-85A5301664C7}"
EndProject
Project("{9A19103F-16F7-4668-BE54-9A1E7A4F7556}") = "PieShop.InventoryManagement", "PieShop.InventoryManagement\PieShop.InventoryManagement.csproj", "{41C07458-22C6-406C-93F2-EA295911CE46}"
EndProject
Project("{9A19103F-16F7-4668-BE54-9A1E7A4F7556}") = "PieShop.InventoryManagement.Tests", "PieShop.InventoryManagement.Tests\PieShop.InventoryManagement.Tests.csproj", "{8D9D8CA5-AB78-4FD9-8B4A-620FC894DACC}"
EndProject
Project("{2150E333-8FDC-42A3-9474-1A3956D46DE8}") = "ExceptionHandling", "ExceptionHandling", "{2FC0C4F5-E519-4D6E-B39E-DEC56103B9CA}"
EndProject
Project("{FAE04EC0-301F-11D3-BF4B-00C04F79EFBC}") = "ExceptionHandling.Basics", "ExceptionHandling.Basics\ExceptionHandling.Basics.csproj", "{D171FAAD-9907-431C-80F0-ADD06D3E3BA5}"
EndProject
Project("{FAE04EC0-301F-11D3-BF4B-00C04F79EFBC}") = "ExceptionHandling.Basics.Tests.NUnit", "ExceptionHandling.Basics.Tests.NUnit\ExceptionHandling.Basics.Tests.NUnit.csproj", "{B093610F-DC1D-4B99-B1FA-E37917219B89}"
EndProject
Project("{FAE04EC0-301F-11D3-BF4B-00C04F79EFBC}") = "ExceptionHandling.Basics.Tests.XUnit", "ExceptionHandling.Basics.Tests.XUnit\ExceptionHandling.Basics.Tests.XUnit.csproj", "{E1AADC71-73CD-4EE0-9A6D-3841049D5802}"
EndProject
Project("{FAE04EC0-301F-11D3-BF4B-00C04F79EFBC}") = "ExceptionHandling.Basics.Tests.MSTest", "ExceptionHandling.Basics.Tests.MSTest\ExceptionHandling.Basics.Tests.MSTest.csproj", "{06712B99-1D7C-46A1-BFE8-902D66693CD4}"
EndProject
Project("{FAE04EC0-301F-11D3-BF4B-00C04F79EFBC}") = "IteratorAndYield", "IteratorAndYield\IteratorAndYield.csproj", "{1958C477-D3EE-41EB-B171-BB9F7BF66403}"
EndProject
Project("{FAE04EC0-301F-11D3-BF4B-00C04F79EFBC}") = "FileSteams", "FileSteams\FileSteams.csproj", "{35F0141E-E36E-40E2-A0B3-750D2765A745}"
EndProject
Project("{FAE04EC0-301F-11D3-BF4B-00C04F79EFBC}") = "SerializationExample", "SerializationExample\SerializationExample.csproj", "{A186D867-0DCB-459C-9910-7A703AF6DA5A}"
EndProject
Project("{2150E333-8FDC-42A3-9474-1A3956D46DE8}") = "Threading", "Threading", "{BFA6BE57-8549-4527-BDD8-8BF494F1244A}"
EndProject
Project("{FAE04EC0-301F-11D3-BF4B-00C04F79EFBC}") = "ThreadingBasics", "ThreadingBasics\ThreadingBasics.csproj", "{49DE3ADF-1D1A-48E8-8CBA-EE8CC398F6F9}"
EndProject
Project("{FAE04EC0-301F-11D3-BF4B-00C04F79EFBC}") = "CustomThreadObject", "CustomThreadObject\CustomThreadObject.csproj", "{4D6BAFFD-5E95-4D7C-85E0-910146C09379}"
EndProject
Project("{FAE04EC0-301F-11D3-BF4B-00C04F79EFBC}") = "Callback", "Callback\Callback.csproj", "{E26ADECF-F5C5-4E62-B75E-11EA6F1585E7}"
EndProject
Project("{FAE04EC0-301F-11D3-BF4B-00C04F79EFBC}") = "Monitors", "Monitors\Monitors.csproj", "{C3C3A015-BAC5-425B-B0BD-103FBB004BCC}"
EndProject
Project("{FAE04EC0-301F-11D3-BF4B-00C04F79EFBC}") = "EventExample", "EventExample\EventExample.csproj", "{FAED01E5-B38F-4C6A-B03B-567B804E53B2}"
EndProject
Project("{FAE04EC0-301F-11D3-BF4B-00C04F79EFBC}") = "EventExampleBatch", "EventExampleBatch\EventExampleBatch.csproj", "{FE241E27-25C7-4FED-A1A0-60800AD21E6B}"
EndProject
Project("{FAE04EC0-301F-11D3-BF4B-00C04F79EFBC}") = "SignalUsingMonitorExample", "SignalUsingMonitorExample\SignalUsingMonitorExample.csproj", "{F796ACE0-3072-49F9-8FED-FB97FDD1AC2B}"
EndProject
Project("{FAE04EC0-301F-11D3-BF4B-00C04F79EFBC}") = "MonitorWithManualResetEvent", "MonitorWithManualResetEvent\MonitorWithManualResetEvent.csproj", "{9B536A61-4551-478C-AC45-E067FF6897D5}"
EndProject
Project("{FAE04EC0-301F-11D3-BF4B-00C04F79EFBC}") = "ConcurrentQueueExample", "ConcurrentQueueExample\ConcurrentQueueExample.csproj", "{CF11FAC3-B4A9-45BC-8CFC-6E643B28C2FC}"
EndProject
Project("{FAE04EC0-301F-11D3-BF4B-00C04F79EFBC}") = "CsvWithThreads", "CsvWithThreads\CsvWithThreads.csproj", "{519D2013-5A08-4ACF-A298-8668EF929908}"
EndProject
Project("{FAE04EC0-301F-11D3-BF4B-00C04F79EFBC}") = "ThreadPoolExample", "ThreadPoolExample\ThreadPoolExample.csproj", "{EBF7AD39-58D9-4F4A-B1CC-E882464F147C}"
EndProject
Project("{FAE04EC0-301F-11D3-BF4B-00C04F79EFBC}") = "TPL-TaskExample", "TPL-TaskExample\TPL-TaskExample.csproj", "{2CB097BB-3E5E-4494-9525-1DD4CBE01CD5}"
EndProject
Project("{FAE04EC0-301F-11D3-BF4B-00C04F79EFBC}") = "TPL-Wait", "TPL-Wait\TPL-Wait.csproj", "{5550C6C9-9D04-457B-BB1F-7773D7024C74}"
EndProject
Project("{FAE04EC0-301F-11D3-BF4B-00C04F79EFBC}") = "TPL-ReturningFromTasks", "TPL-ReturningFromTasks\TPL-ReturningFromTasks.csproj", "{5A335525-FF11-4D30-A43A-8A16859D1AC4}"
EndProject
Project("{FAE04EC0-301F-11D3-BF4B-00C04F79EFBC}") = "TPL-Delay", "TPL-Delay\TPL-Delay.csproj", "{A4619E74-60E3-4F17-8C86-C93D7774BA55}"
EndProject
Project("{FAE04EC0-301F-11D3-BF4B-00C04F79EFBC}") = "TPL-Continuation", "TPL-Continuation\TPL-Continuation.csproj", "{6178173B-E955-4B94-90C6-EDDA9A99F9D1}"
EndProject
Project("{FAE04EC0-301F-11D3-BF4B-00C04F79EFBC}") = "TPL-HandlingExceptions", "TPL-HandlingExceptions\TPL-HandlingExceptions.csproj", "{957473FB-458D-4F42-A705-38C5BEFC807E}"
EndProject
Project("{FAE04EC0-301F-11D3-BF4B-00C04F79EFBC}") = "TPL-CancellationToken", "TPL-CancellationToken\TPL-CancellationToken.csproj", "{12EE7508-018E-4CCB-A536-317457D2A9CF}"
EndProject
Global
	GlobalSection(SolutionConfigurationPlatforms) = preSolution
		Debug|Any CPU = Debug|Any CPU
		Release|Any CPU = Release|Any CPU
	EndGlobalSection
	GlobalSection(ProjectConfigurationPlatforms) = postSolution
		{B248CCF7-84F6-4B4F-BAF5-E90B7772224B}.Debug|Any CPU.ActiveCfg = Debug|Any CPU
		{B248CCF7-84F6-4B4F-BAF5-E90B7772224B}.Debug|Any CPU.Build.0 = Debug|Any CPU
		{B248CCF7-84F6-4B4F-BAF5-E90B7772224B}.Release|Any CPU.ActiveCfg = Release|Any CPU
		{B248CCF7-84F6-4B4F-BAF5-E90B7772224B}.Release|Any CPU.Build.0 = Release|Any CPU
		{9DD08ACA-E56F-498B-B0E9-F5AF934D9CB9}.Debug|Any CPU.ActiveCfg = Debug|Any CPU
		{9DD08ACA-E56F-498B-B0E9-F5AF934D9CB9}.Debug|Any CPU.Build.0 = Debug|Any CPU
		{9DD08ACA-E56F-498B-B0E9-F5AF934D9CB9}.Release|Any CPU.ActiveCfg = Release|Any CPU
		{9DD08ACA-E56F-498B-B0E9-F5AF934D9CB9}.Release|Any CPU.Build.0 = Release|Any CPU
		{5099A11A-A02E-4C72-B810-852A0D67D6A6}.Debug|Any CPU.ActiveCfg = Debug|Any CPU
		{5099A11A-A02E-4C72-B810-852A0D67D6A6}.Debug|Any CPU.Build.0 = Debug|Any CPU
		{5099A11A-A02E-4C72-B810-852A0D67D6A6}.Release|Any CPU.ActiveCfg = Release|Any CPU
		{5099A11A-A02E-4C72-B810-852A0D67D6A6}.Release|Any CPU.Build.0 = Release|Any CPU
		{961E371B-27C9-4D2C-BA8B-85A5301664C7}.Debug|Any CPU.ActiveCfg = Debug|Any CPU
		{961E371B-27C9-4D2C-BA8B-85A5301664C7}.Debug|Any CPU.Build.0 = Debug|Any CPU
		{961E371B-27C9-4D2C-BA8B-85A5301664C7}.Release|Any CPU.ActiveCfg = Release|Any CPU
		{961E371B-27C9-4D2C-BA8B-85A5301664C7}.Release|Any CPU.Build.0 = Release|Any CPU
		{41C07458-22C6-406C-93F2-EA295911CE46}.Debug|Any CPU.ActiveCfg = Debug|Any CPU
		{41C07458-22C6-406C-93F2-EA295911CE46}.Debug|Any CPU.Build.0 = Debug|Any CPU
		{41C07458-22C6-406C-93F2-EA295911CE46}.Release|Any CPU.ActiveCfg = Release|Any CPU
		{41C07458-22C6-406C-93F2-EA295911CE46}.Release|Any CPU.Build.0 = Release|Any CPU
		{8D9D8CA5-AB78-4FD9-8B4A-620FC894DACC}.Debug|Any CPU.ActiveCfg = Debug|Any CPU
		{8D9D8CA5-AB78-4FD9-8B4A-620FC894DACC}.Debug|Any CPU.Build.0 = Debug|Any CPU
		{8D9D8CA5-AB78-4FD9-8B4A-620FC894DACC}.Release|Any CPU.ActiveCfg = Release|Any CPU
		{8D9D8CA5-AB78-4FD9-8B4A-620FC894DACC}.Release|Any CPU.Build.0 = Release|Any CPU
		{D171FAAD-9907-431C-80F0-ADD06D3E3BA5}.Debug|Any CPU.ActiveCfg = Debug|Any CPU
		{D171FAAD-9907-431C-80F0-ADD06D3E3BA5}.Debug|Any CPU.Build.0 = Debug|Any CPU
		{D171FAAD-9907-431C-80F0-ADD06D3E3BA5}.Release|Any CPU.ActiveCfg = Release|Any CPU
		{D171FAAD-9907-431C-80F0-ADD06D3E3BA5}.Release|Any CPU.Build.0 = Release|Any CPU
		{B093610F-DC1D-4B99-B1FA-E37917219B89}.Debug|Any CPU.ActiveCfg = Debug|Any CPU
		{B093610F-DC1D-4B99-B1FA-E37917219B89}.Debug|Any CPU.Build.0 = Debug|Any CPU
		{B093610F-DC1D-4B99-B1FA-E37917219B89}.Release|Any CPU.ActiveCfg = Release|Any CPU
		{B093610F-DC1D-4B99-B1FA-E37917219B89}.Release|Any CPU.Build.0 = Release|Any CPU
		{E1AADC71-73CD-4EE0-9A6D-3841049D5802}.Debug|Any CPU.ActiveCfg = Debug|Any CPU
		{E1AADC71-73CD-4EE0-9A6D-3841049D5802}.Debug|Any CPU.Build.0 = Debug|Any CPU
		{E1AADC71-73CD-4EE0-9A6D-3841049D5802}.Release|Any CPU.ActiveCfg = Release|Any CPU
		{E1AADC71-73CD-4EE0-9A6D-3841049D5802}.Release|Any CPU.Build.0 = Release|Any CPU
		{06712B99-1D7C-46A1-BFE8-902D66693CD4}.Debug|Any CPU.ActiveCfg = Debug|Any CPU
		{06712B99-1D7C-46A1-BFE8-902D66693CD4}.Debug|Any CPU.Build.0 = Debug|Any CPU
		{06712B99-1D7C-46A1-BFE8-902D66693CD4}.Release|Any CPU.ActiveCfg = Release|Any CPU
		{06712B99-1D7C-46A1-BFE8-902D66693CD4}.Release|Any CPU.Build.0 = Release|Any CPU
		{1958C477-D3EE-41EB-B171-BB9F7BF66403}.Debug|Any CPU.ActiveCfg = Debug|Any CPU
		{1958C477-D3EE-41EB-B171-BB9F7BF66403}.Debug|Any CPU.Build.0 = Debug|Any CPU
		{1958C477-D3EE-41EB-B171-BB9F7BF66403}.Release|Any CPU.ActiveCfg = Release|Any CPU
		{1958C477-D3EE-41EB-B171-BB9F7BF66403}.Release|Any CPU.Build.0 = Release|Any CPU
		{35F0141E-E36E-40E2-A0B3-750D2765A745}.Debug|Any CPU.ActiveCfg = Debug|Any CPU
		{35F0141E-E36E-40E2-A0B3-750D2765A745}.Debug|Any CPU.Build.0 = Debug|Any CPU
		{35F0141E-E36E-40E2-A0B3-750D2765A745}.Release|Any CPU.ActiveCfg = Release|Any CPU
		{35F0141E-E36E-40E2-A0B3-750D2765A745}.Release|Any CPU.Build.0 = Release|Any CPU
		{A186D867-0DCB-459C-9910-7A703AF6DA5A}.Debug|Any CPU.ActiveCfg = Debug|Any CPU
		{A186D867-0DCB-459C-9910-7A703AF6DA5A}.Debug|Any CPU.Build.0 = Debug|Any CPU
		{A186D867-0DCB-459C-9910-7A703AF6DA5A}.Release|Any CPU.ActiveCfg = Release|Any CPU
		{A186D867-0DCB-459C-9910-7A703AF6DA5A}.Release|Any CPU.Build.0 = Release|Any CPU
		{49DE3ADF-1D1A-48E8-8CBA-EE8CC398F6F9}.Debug|Any CPU.ActiveCfg = Debug|Any CPU
		{49DE3ADF-1D1A-48E8-8CBA-EE8CC398F6F9}.Debug|Any CPU.Build.0 = Debug|Any CPU
		{49DE3ADF-1D1A-48E8-8CBA-EE8CC398F6F9}.Release|Any CPU.ActiveCfg = Release|Any CPU
		{49DE3ADF-1D1A-48E8-8CBA-EE8CC398F6F9}.Release|Any CPU.Build.0 = Release|Any CPU
		{4D6BAFFD-5E95-4D7C-85E0-910146C09379}.Debug|Any CPU.ActiveCfg = Debug|Any CPU
		{4D6BAFFD-5E95-4D7C-85E0-910146C09379}.Debug|Any CPU.Build.0 = Debug|Any CPU
		{4D6BAFFD-5E95-4D7C-85E0-910146C09379}.Release|Any CPU.ActiveCfg = Release|Any CPU
		{4D6BAFFD-5E95-4D7C-85E0-910146C09379}.Release|Any CPU.Build.0 = Release|Any CPU
		{E26ADECF-F5C5-4E62-B75E-11EA6F1585E7}.Debug|Any CPU.ActiveCfg = Debug|Any CPU
		{E26ADECF-F5C5-4E62-B75E-11EA6F1585E7}.Debug|Any CPU.Build.0 = Debug|Any CPU
		{E26ADECF-F5C5-4E62-B75E-11EA6F1585E7}.Release|Any CPU.ActiveCfg = Release|Any CPU
		{E26ADECF-F5C5-4E62-B75E-11EA6F1585E7}.Release|Any CPU.Build.0 = Release|Any CPU
		{C3C3A015-BAC5-425B-B0BD-103FBB004BCC}.Debug|Any CPU.ActiveCfg = Debug|Any CPU
		{C3C3A015-BAC5-425B-B0BD-103FBB004BCC}.Debug|Any CPU.Build.0 = Debug|Any CPU
		{C3C3A015-BAC5-425B-B0BD-103FBB004BCC}.Release|Any CPU.ActiveCfg = Release|Any CPU
		{C3C3A015-BAC5-425B-B0BD-103FBB004BCC}.Release|Any CPU.Build.0 = Release|Any CPU
		{FAED01E5-B38F-4C6A-B03B-567B804E53B2}.Debug|Any CPU.ActiveCfg = Debug|Any CPU
		{FAED01E5-B38F-4C6A-B03B-567B804E53B2}.Debug|Any CPU.Build.0 = Debug|Any CPU
		{FAED01E5-B38F-4C6A-B03B-567B804E53B2}.Release|Any CPU.ActiveCfg = Release|Any CPU
		{FAED01E5-B38F-4C6A-B03B-567B804E53B2}.Release|Any CPU.Build.0 = Release|Any CPU
		{FE241E27-25C7-4FED-A1A0-60800AD21E6B}.Debug|Any CPU.ActiveCfg = Debug|Any CPU
		{FE241E27-25C7-4FED-A1A0-60800AD21E6B}.Debug|Any CPU.Build.0 = Debug|Any CPU
		{FE241E27-25C7-4FED-A1A0-60800AD21E6B}.Release|Any CPU.ActiveCfg = Release|Any CPU
		{FE241E27-25C7-4FED-A1A0-60800AD21E6B}.Release|Any CPU.Build.0 = Release|Any CPU
		{F796ACE0-3072-49F9-8FED-FB97FDD1AC2B}.Debug|Any CPU.ActiveCfg = Debug|Any CPU
		{F796ACE0-3072-49F9-8FED-FB97FDD1AC2B}.Debug|Any CPU.Build.0 = Debug|Any CPU
		{F796ACE0-3072-49F9-8FED-FB97FDD1AC2B}.Release|Any CPU.ActiveCfg = Release|Any CPU
		{F796ACE0-3072-49F9-8FED-FB97FDD1AC2B}.Release|Any CPU.Build.0 = Release|Any CPU
		{9B536A61-4551-478C-AC45-E067FF6897D5}.Debug|Any CPU.ActiveCfg = Debug|Any CPU
		{9B536A61-4551-478C-AC45-E067FF6897D5}.Debug|Any CPU.Build.0 = Debug|Any CPU
		{9B536A61-4551-478C-AC45-E067FF6897D5}.Release|Any CPU.ActiveCfg = Release|Any CPU
		{9B536A61-4551-478C-AC45-E067FF6897D5}.Release|Any CPU.Build.0 = Release|Any CPU
		{CF11FAC3-B4A9-45BC-8CFC-6E643B28C2FC}.Debug|Any CPU.ActiveCfg = Debug|Any CPU
		{CF11FAC3-B4A9-45BC-8CFC-6E643B28C2FC}.Debug|Any CPU.Build.0 = Debug|Any CPU
		{CF11FAC3-B4A9-45BC-8CFC-6E643B28C2FC}.Release|Any CPU.ActiveCfg = Release|Any CPU
		{CF11FAC3-B4A9-45BC-8CFC-6E643B28C2FC}.Release|Any CPU.Build.0 = Release|Any CPU
		{519D2013-5A08-4ACF-A298-8668EF929908}.Debug|Any CPU.ActiveCfg = Debug|Any CPU
		{519D2013-5A08-4ACF-A298-8668EF929908}.Debug|Any CPU.Build.0 = Debug|Any CPU
		{519D2013-5A08-4ACF-A298-8668EF929908}.Release|Any CPU.ActiveCfg = Release|Any CPU
		{519D2013-5A08-4ACF-A298-8668EF929908}.Release|Any CPU.Build.0 = Release|Any CPU
		{EBF7AD39-58D9-4F4A-B1CC-E882464F147C}.Debug|Any CPU.ActiveCfg = Debug|Any CPU
		{EBF7AD39-58D9-4F4A-B1CC-E882464F147C}.Debug|Any CPU.Build.0 = Debug|Any CPU
		{EBF7AD39-58D9-4F4A-B1CC-E882464F147C}.Release|Any CPU.ActiveCfg = Release|Any CPU
		{EBF7AD39-58D9-4F4A-B1CC-E882464F147C}.Release|Any CPU.Build.0 = Release|Any CPU
		{2CB097BB-3E5E-4494-9525-1DD4CBE01CD5}.Debug|Any CPU.ActiveCfg = Debug|Any CPU
		{2CB097BB-3E5E-4494-9525-1DD4CBE01CD5}.Debug|Any CPU.Build.0 = Debug|Any CPU
		{2CB097BB-3E5E-4494-9525-1DD4CBE01CD5}.Release|Any CPU.ActiveCfg = Release|Any CPU
		{2CB097BB-3E5E-4494-9525-1DD4CBE01CD5}.Release|Any CPU.Build.0 = Release|Any CPU
		{5550C6C9-9D04-457B-BB1F-7773D7024C74}.Debug|Any CPU.ActiveCfg = Debug|Any CPU
		{5550C6C9-9D04-457B-BB1F-7773D7024C74}.Debug|Any CPU.Build.0 = Debug|Any CPU
		{5550C6C9-9D04-457B-BB1F-7773D7024C74}.Release|Any CPU.ActiveCfg = Release|Any CPU
		{5550C6C9-9D04-457B-BB1F-7773D7024C74}.Release|Any CPU.Build.0 = Release|Any CPU
		{5A335525-FF11-4D30-A43A-8A16859D1AC4}.Debug|Any CPU.ActiveCfg = Debug|Any CPU
		{5A335525-FF11-4D30-A43A-8A16859D1AC4}.Debug|Any CPU.Build.0 = Debug|Any CPU
		{5A335525-FF11-4D30-A43A-8A16859D1AC4}.Release|Any CPU.ActiveCfg = Release|Any CPU
		{5A335525-FF11-4D30-A43A-8A16859D1AC4}.Release|Any CPU.Build.0 = Release|Any CPU
		{A4619E74-60E3-4F17-8C86-C93D7774BA55}.Debug|Any CPU.ActiveCfg = Debug|Any CPU
		{A4619E74-60E3-4F17-8C86-C93D7774BA55}.Debug|Any CPU.Build.0 = Debug|Any CPU
		{A4619E74-60E3-4F17-8C86-C93D7774BA55}.Release|Any CPU.ActiveCfg = Release|Any CPU
		{A4619E74-60E3-4F17-8C86-C93D7774BA55}.Release|Any CPU.Build.0 = Release|Any CPU
		{6178173B-E955-4B94-90C6-EDDA9A99F9D1}.Debug|Any CPU.ActiveCfg = Debug|Any CPU
		{6178173B-E955-4B94-90C6-EDDA9A99F9D1}.Debug|Any CPU.Build.0 = Debug|Any CPU
		{6178173B-E955-4B94-90C6-EDDA9A99F9D1}.Release|Any CPU.ActiveCfg = Release|Any CPU
		{6178173B-E955-4B94-90C6-EDDA9A99F9D1}.Release|Any CPU.Build.0 = Release|Any CPU
		{957473FB-458D-4F42-A705-38C5BEFC807E}.Debug|Any CPU.ActiveCfg = Debug|Any CPU
		{957473FB-458D-4F42-A705-38C5BEFC807E}.Debug|Any CPU.Build.0 = Debug|Any CPU
		{957473FB-458D-4F42-A705-38C5BEFC807E}.Release|Any CPU.ActiveCfg = Release|Any CPU
		{957473FB-458D-4F42-A705-38C5BEFC807E}.Release|Any CPU.Build.0 = Release|Any CPU
		{12EE7508-018E-4CCB-A536-317457D2A9CF}.Debug|Any CPU.ActiveCfg = Debug|Any CPU
		{12EE7508-018E-4CCB-A536-317457D2A9CF}.Debug|Any CPU.Build.0 = Debug|Any CPU
		{12EE7508-018E-4CCB-A536-317457D2A9CF}.Release|Any CPU.ActiveCfg = Release|Any CPU
		{12EE7508-018E-4CCB-A536-317457D2A9CF}.Release|Any CPU.Build.0 = Release|Any CPU
	EndGlobalSection
	GlobalSection(SolutionProperties) = preSolution
		HideSolutionNode = FALSE
	EndGlobalSection
	GlobalSection(NestedProjects) = preSolution
		{9DD08ACA-E56F-498B-B0E9-F5AF934D9CB9} = {DEAFBA24-38DB-4CB3-B3BC-2161AB757198}
		{5099A11A-A02E-4C72-B810-852A0D67D6A6} = {DEAFBA24-38DB-4CB3-B3BC-2161AB757198}
		{41C07458-22C6-406C-93F2-EA295911CE46} = {DEAFBA24-38DB-4CB3-B3BC-2161AB757198}
		{8D9D8CA5-AB78-4FD9-8B4A-620FC894DACC} = {DEAFBA24-38DB-4CB3-B3BC-2161AB757198}
		{D171FAAD-9907-431C-80F0-ADD06D3E3BA5} = {2FC0C4F5-E519-4D6E-B39E-DEC56103B9CA}
		{B093610F-DC1D-4B99-B1FA-E37917219B89} = {2FC0C4F5-E519-4D6E-B39E-DEC56103B9CA}
		{E1AADC71-73CD-4EE0-9A6D-3841049D5802} = {2FC0C4F5-E519-4D6E-B39E-DEC56103B9CA}
		{06712B99-1D7C-46A1-BFE8-902D66693CD4} = {2FC0C4F5-E519-4D6E-B39E-DEC56103B9CA}
		{49DE3ADF-1D1A-48E8-8CBA-EE8CC398F6F9} = {BFA6BE57-8549-4527-BDD8-8BF494F1244A}
		{4D6BAFFD-5E95-4D7C-85E0-910146C09379} = {BFA6BE57-8549-4527-BDD8-8BF494F1244A}
		{E26ADECF-F5C5-4E62-B75E-11EA6F1585E7} = {BFA6BE57-8549-4527-BDD8-8BF494F1244A}
		{C3C3A015-BAC5-425B-B0BD-103FBB004BCC} = {BFA6BE57-8549-4527-BDD8-8BF494F1244A}
		{FAED01E5-B38F-4C6A-B03B-567B804E53B2} = {BFA6BE57-8549-4527-BDD8-8BF494F1244A}
		{FE241E27-25C7-4FED-A1A0-60800AD21E6B} = {BFA6BE57-8549-4527-BDD8-8BF494F1244A}
		{F796ACE0-3072-49F9-8FED-FB97FDD1AC2B} = {BFA6BE57-8549-4527-BDD8-8BF494F1244A}
		{9B536A61-4551-478C-AC45-E067FF6897D5} = {BFA6BE57-8549-4527-BDD8-8BF494F1244A}
		{CF11FAC3-B4A9-45BC-8CFC-6E643B28C2FC} = {BFA6BE57-8549-4527-BDD8-8BF494F1244A}
		{519D2013-5A08-4ACF-A298-8668EF929908} = {BFA6BE57-8549-4527-BDD8-8BF494F1244A}
		{EBF7AD39-58D9-4F4A-B1CC-E882464F147C} = {BFA6BE57-8549-4527-BDD8-8BF494F1244A}
		{2CB097BB-3E5E-4494-9525-1DD4CBE01CD5} = {BFA6BE57-8549-4527-BDD8-8BF494F1244A}
		{5550C6C9-9D04-457B-BB1F-7773D7024C74} = {BFA6BE57-8549-4527-BDD8-8BF494F1244A}
		{5A335525-FF11-4D30-A43A-8A16859D1AC4} = {BFA6BE57-8549-4527-BDD8-8BF494F1244A}
		{A4619E74-60E3-4F17-8C86-C93D7774BA55} = {BFA6BE57-8549-4527-BDD8-8BF494F1244A}
		{6178173B-E955-4B94-90C6-EDDA9A99F9D1} = {BFA6BE57-8549-4527-BDD8-8BF494F1244A}
		{957473FB-458D-4F42-A705-38C5BEFC807E} = {BFA6BE57-8549-4527-BDD8-8BF494F1244A}
		{12EE7508-018E-4CCB-A536-317457D2A9CF} = {BFA6BE57-8549-4527-BDD8-8BF494F1244A}
	EndGlobalSection
	GlobalSection(ExtensibilityGlobals) = postSolution
		SolutionGuid = {DAFC2426-C584-42AE-96E9-16DB929D43F1}
	EndGlobalSection
EndGlobal
